<?xml version="1.0" encoding="utf-8"?>
<Project ToolsVersion="16.0" xmlns="http://schemas.microsoft.com/developer/msbuild/2003">
  <ItemGroup>
    <CustomBuild Include="C:\Users\Lisa-Lorraine Hau\Desktop\TU Chemnitz_neu\6. Semester SS 20\Software Praktikum\Bib Parser\bib-parser\test\CMakeLists.txt" />
  </ItemGroup>
  <ItemGroup>
  </ItemGroup>
</Project>
